
Microsoft Visual Studio Solution File, Format Version 12.00
# Visual Studio Express 2012 for Windows Desktop
Project("{FAE04EC0-301F-11D3-BF4B-00C04F79EFBC}") = "WhereTheMole", "WhereTheMole\WhereTheMole.csproj", "{1608C0D4-7FFE-4DC0-9614-F8000714FB6A}"
EndProject
Global
	GlobalSection(SolutionConfigurationPlatforms) = preSolution
		Debug|Any CPU = Debug|Any CPU
		Release|Any CPU = Release|Any CPU
	EndGlobalSection
	GlobalSection(ProjectConfigurationPlatforms) = postSolution
		{1608C0D4-7FFE-4DC0-9614-F8000714FB6A}.Debug|Any CPU.ActiveCfg = Debug|Any CPU
		{1608C0D4-7FFE-4DC0-9614-F8000714FB6A}.Debug|Any CPU.Build.0 = Debug|Any CPU
		{1608C0D4-7FFE-4DC0-9614-F8000714FB6A}.Release|Any CPU.ActiveCfg = Release|Any CPU
		{1608C0D4-7FFE-4DC0-9614-F8000714FB6A}.Release|Any CPU.Build.0 = Release|Any CPU
	EndGlobalSection
	GlobalSection(SolutionProperties) = preSolution
		HideSolutionNode = FALSE
	EndGlobalSection
EndGlobal
